// !$*UTF8*$!
{
	archiveVersion = 1;
	classes = {
	};
	objectVersion = 56;
	objects = {

/* Begin PBXBuildFile section */
		FD2F0DEC29F4B0BF00C9BE82 /* AlertExtencion.swift in Sources */ = {isa = PBXBuildFile; fileRef = FD2F0DEB29F4B0BF00C9BE82 /* AlertExtencion.swift */; };
		FD2F0DEE29F4B3C000C9BE82 /* SettingsViewController.swift in Sources */ = {isa = PBXBuildFile; fileRef = FD2F0DED29F4B3C000C9BE82 /* SettingsViewController.swift */; };
		FD2F0DF129F4CE8900C9BE82 /* KeychainAccess in Frameworks */ = {isa = PBXBuildFile; productRef = FD2F0DF029F4CE8900C9BE82 /* KeychainAccess */; };
		FD2F0DF329F5A0BC00C9BE82 /* PasswordChangeVC.swift in Sources */ = {isa = PBXBuildFile; fileRef = FD2F0DF229F5A0BC00C9BE82 /* PasswordChangeVC.swift */; };
		FD8BD1C329E46FEB00475570 /* AppDelegate.swift in Sources */ = {isa = PBXBuildFile; fileRef = FD8BD1C229E46FEB00475570 /* AppDelegate.swift */; };
		FD8BD1C529E46FEB00475570 /* SceneDelegate.swift in Sources */ = {isa = PBXBuildFile; fileRef = FD8BD1C429E46FEB00475570 /* SceneDelegate.swift */; };
		FD8BD1C729E46FEB00475570 /* FilesViewController.swift in Sources */ = {isa = PBXBuildFile; fileRef = FD8BD1C629E46FEB00475570 /* FilesViewController.swift */; };
		FD8BD1CC29E46FF700475570 /* Assets.xcassets in Resources */ = {isa = PBXBuildFile; fileRef = FD8BD1CB29E46FF700475570 /* Assets.xcassets */; };
		FD8BD1CF29E46FF700475570 /* LaunchScreen.storyboard in Resources */ = {isa = PBXBuildFile; fileRef = FD8BD1CD29E46FF700475570 /* LaunchScreen.storyboard */; };
		FDAFE98729F0356600A9C7BC /* PasswordViewController.swift in Sources */ = {isa = PBXBuildFile; fileRef = FDAFE98629F0356600A9C7BC /* PasswordViewController.swift */; };
/* End PBXBuildFile section */

/* Begin PBXFileReference section */
		FD2F0DEB29F4B0BF00C9BE82 /* AlertExtencion.swift */ = {isa = PBXFileReference; lastKnownFileType = sourcecode.swift; path = AlertExtencion.swift; sourceTree = "<group>"; };
		FD2F0DED29F4B3C000C9BE82 /* SettingsViewController.swift */ = {isa = PBXFileReference; lastKnownFileType = sourcecode.swift; path = SettingsViewController.swift; sourceTree = "<group>"; };
		FD2F0DF229F5A0BC00C9BE82 /* PasswordChangeVC.swift */ = {isa = PBXFileReference; lastKnownFileType = sourcecode.swift; path = PasswordChangeVC.swift; sourceTree = "<group>"; };
		FD8BD1BF29E46FEB00475570 /* FileManager.app */ = {isa = PBXFileReference; explicitFileType = wrapper.application; includeInIndex = 0; path = FileManager.app; sourceTree = BUILT_PRODUCTS_DIR; };
		FD8BD1C229E46FEB00475570 /* AppDelegate.swift */ = {isa = PBXFileReference; lastKnownFileType = sourcecode.swift; path = AppDelegate.swift; sourceTree = "<group>"; };
		FD8BD1C429E46FEB00475570 /* SceneDelegate.swift */ = {isa = PBXFileReference; lastKnownFileType = sourcecode.swift; path = SceneDelegate.swift; sourceTree = "<group>"; };
		FD8BD1C629E46FEB00475570 /* FilesViewController.swift */ = {isa = PBXFileReference; lastKnownFileType = sourcecode.swift; path = FilesViewController.swift; sourceTree = "<group>"; };
		FD8BD1CB29E46FF700475570 /* Assets.xcassets */ = {isa = PBXFileReference; lastKnownFileType = folder.assetcatalog; path = Assets.xcassets; sourceTree = "<group>"; };
		FD8BD1CE29E46FF700475570 /* Base */ = {isa = PBXFileReference; lastKnownFileType = file.storyboard; name = Base; path = Base.lproj/LaunchScreen.storyboard; sourceTree = "<group>"; };
		FD8BD1D029E46FF700475570 /* Info.plist */ = {isa = PBXFileReference; lastKnownFileType = text.plist.xml; path = Info.plist; sourceTree = "<group>"; };
		FDAFE98629F0356600A9C7BC /* PasswordViewController.swift */ = {isa = PBXFileReference; lastKnownFileType = sourcecode.swift; path = PasswordViewController.swift; sourceTree = "<group>"; };
/* End PBXFileReference section */

/* Begin PBXFrameworksBuildPhase section */
		FD8BD1BC29E46FEB00475570 /* Frameworks */ = {
			isa = PBXFrameworksBuildPhase;
			buildActionMask = 2147483647;
			files = (
				FD2F0DF129F4CE8900C9BE82 /* KeychainAccess in Frameworks */,
			);
			runOnlyForDeploymentPostprocessing = 0;
		};
/* End PBXFrameworksBuildPhase section */

/* Begin PBXGroup section */
		FD8BD1B629E46FEA00475570 = {
			isa = PBXGroup;
			children = (
				FD8BD1C129E46FEB00475570 /* FileManager */,
				FD8BD1C029E46FEB00475570 /* Products */,
			);
			sourceTree = "<group>";
		};
		FD8BD1C029E46FEB00475570 /* Products */ = {
			isa = PBXGroup;
			children = (
				FD8BD1BF29E46FEB00475570 /* FileManager.app */,
			);
			name = Products;
			sourceTree = "<group>";
		};
		FD8BD1C129E46FEB00475570 /* FileManager */ = {
			isa = PBXGroup;
			children = (
				FD8BD1C229E46FEB00475570 /* AppDelegate.swift */,
				FD8BD1C429E46FEB00475570 /* SceneDelegate.swift */,
				FDAFE98629F0356600A9C7BC /* PasswordViewController.swift */,
				FD8BD1C629E46FEB00475570 /* FilesViewController.swift */,
				FD2F0DED29F4B3C000C9BE82 /* SettingsViewController.swift */,
				FD2F0DF229F5A0BC00C9BE82 /* PasswordChangeVC.swift */,
				FD2F0DEB29F4B0BF00C9BE82 /* AlertExtencion.swift */,
				FD8BD1CB29E46FF700475570 /* Assets.xcassets */,
				FD8BD1CD29E46FF700475570 /* LaunchScreen.storyboard */,
				FD8BD1D029E46FF700475570 /* Info.plist */,
			);
			path = FileManager;
			sourceTree = "<group>";
		};
/* End PBXGroup section */

/* Begin PBXNativeTarget section */
		FD8BD1BE29E46FEB00475570 /* FileManager */ = {
			isa = PBXNativeTarget;
			buildConfigurationList = FD8BD1D329E46FF700475570 /* Build configuration list for PBXNativeTarget "FileManager" */;
			buildPhases = (
				FD8BD1BB29E46FEB00475570 /* Sources */,
				FD8BD1BC29E46FEB00475570 /* Frameworks */,
				FD8BD1BD29E46FEB00475570 /* Resources */,
			);
			buildRules = (
			);
			dependencies = (
			);
			name = FileManager;
			packageProductDependencies = (
				FD2F0DF029F4CE8900C9BE82 /* KeychainAccess */,
			);
			productName = FileManager;
			productReference = FD8BD1BF29E46FEB00475570 /* FileManager.app */;
			productType = "com.apple.product-type.application";
		};
/* End PBXNativeTarget section */

/* Begin PBXProject section */
		FD8BD1B729E46FEA00475570 /* Project object */ = {
			isa = PBXProject;
			attributes = {
				BuildIndependentTargetsInParallel = 1;
				LastSwiftUpdateCheck = 1420;
				LastUpgradeCheck = 1420;
				TargetAttributes = {
					FD8BD1BE29E46FEB00475570 = {
						CreatedOnToolsVersion = 14.2;
					};
				};
			};
			buildConfigurationList = FD8BD1BA29E46FEA00475570 /* Build configuration list for PBXProject "FileManager" */;
			compatibilityVersion = "Xcode 14.0";
			developmentRegion = en;
			hasScannedForEncodings = 0;
			knownRegions = (
				en,
				Base,
			);
			mainGroup = FD8BD1B629E46FEA00475570;
			packageReferences = (
				FD2F0DEF29F4CE8900C9BE82 /* XCRemoteSwiftPackageReference "KeychainAccess" */,
			);
			productRefGroup = FD8BD1C029E46FEB00475570 /* Products */;
			projectDirPath = "";
			projectRoot = "";
			targets = (
				FD8BD1BE29E46FEB00475570 /* FileManager */,
			);
		};
/* End PBXProject section */

/* Begin PBXResourcesBuildPhase section */
		FD8BD1BD29E46FEB00475570 /* Resources */ = {
			isa = PBXResourcesBuildPhase;
			buildActionMask = 2147483647;
			files = (
				FD8BD1CF29E46FF700475570 /* LaunchScreen.storyboard in Resources */,
				FD8BD1CC29E46FF700475570 /* Assets.xcassets in Resources */,
			);
			runOnlyForDeploymentPostprocessing = 0;
		};
/* End PBXResourcesBuildPhase section */

/* Begin PBXSourcesBuildPhase section */
		FD8BD1BB29E46FEB00475570 /* Sources */ = {
			isa = PBXSourcesBuildPhase;
			buildActionMask = 2147483647;
			files = (
				FD8BD1C729E46FEB00475570 /* FilesViewController.swift in Sources */,
				FDAFE98729F0356600A9C7BC /* PasswordViewController.swift in Sources */,
				FD8BD1C329E46FEB00475570 /* AppDelegate.swift in Sources */,
				FD2F0DEC29F4B0BF00C9BE82 /* AlertExtencion.swift in Sources */,
				FD2F0DF329F5A0BC00C9BE82 /* PasswordChangeVC.swift in Sources */,
				FD8BD1C529E46FEB00475570 /* SceneDelegate.swift in Sources */,
				FD2F0DEE29F4B3C000C9BE82 /* SettingsViewController.swift in Sources */,
			);
			runOnlyForDeploymentPostprocessing = 0;
		};
/* End PBXSourcesBuildPhase section */

/* Begin PBXVariantGroup section */
		FD8BD1CD29E46FF700475570 /* LaunchScreen.storyboard */ = {
			isa = PBXVariantGroup;
			children = (
				FD8BD1CE29E46FF700475570 /* Base */,
			);
			name = LaunchScreen.storyboard;
			sourceTree = "<group>";
		};
/* End PBXVariantGroup section */

/* Begin XCBuildConfiguration section */
		FD8BD1D129E46FF700475570 /* Debug */ = {
			isa = XCBuildConfiguration;
			buildSettings = {
				ALWAYS_SEARCH_USER_PATHS = NO;
				CLANG_ANALYZER_NONNULL = YES;
				CLANG_ANALYZER_NUMBER_OBJECT_CONVERSION = YES_AGGRESSIVE;
				CLANG_CXX_LANGUAGE_STANDARD = "gnu++20";
				CLANG_ENABLE_MODULES = YES;
				CLANG_ENABLE_OBJC_ARC = YES;
				CLANG_ENABLE_OBJC_WEAK = YES;
				CLANG_WARN_BLOCK_CAPTURE_AUTORELEASING = YES;
				CLANG_WARN_BOOL_CONVERSION = YES;
				CLANG_WARN_COMMA = YES;
				CLANG_WARN_CONSTANT_CONVERSION = YES;
				CLANG_WARN_DEPRECATED_OBJC_IMPLEMENTATIONS = YES;
				CLANG_WARN_DIRECT_OBJC_ISA_USAGE = YES_ERROR;
				CLANG_WARN_DOCUMENTATION_COMMENTS = YES;
				CLANG_WARN_EMPTY_BODY = YES;
				CLANG_WARN_ENUM_CONVERSION = YES;
				CLANG_WARN_INFINITE_RECURSION = YES;
				CLANG_WARN_INT_CONVERSION = YES;
				CLANG_WARN_NON_LITERAL_NULL_CONVERSION = YES;
				CLANG_WARN_OBJC_IMPLICIT_RETAIN_SELF = YES;
				CLANG_WARN_OBJC_LITERAL_CONVERSION = YES;
				CLANG_WARN_OBJC_ROOT_CLASS = YES_ERROR;
				CLANG_WARN_QUOTED_INCLUDE_IN_FRAMEWORK_HEADER = YES;
				CLANG_WARN_RANGE_LOOP_ANALYSIS = YES;
				CLANG_WARN_STRICT_PROTOTYPES = YES;
				CLANG_WARN_SUSPICIOUS_MOVE = YES;
				CLANG_WARN_UNGUARDED_AVAILABILITY = YES_AGGRESSIVE;
				CLANG_WARN_UNREACHABLE_CODE = YES;
				CLANG_WARN__DUPLICATE_METHOD_MATCH = YES;
				COPY_PHASE_STRIP = NO;
				DEBUG_INFORMATION_FORMAT = dwarf;
				ENABLE_STRICT_OBJC_MSGSEND = YES;
				ENABLE_TESTABILITY = YES;
				GCC_C_LANGUAGE_STANDARD = gnu11;
				GCC_DYNAMIC_NO_PIC = NO;
				GCC_NO_COMMON_BLOCKS = YES;
				GCC_OPTIMIZATION_LEVEL = 0;
				GCC_PREPROCESSOR_DEFINITIONS = (
					"DEBUG=1",
					"$(inherited)",
				);
				GCC_WARN_64_TO_32_BIT_CONVERSION = YES;
				GCC_WARN_ABOUT_RETURN_TYPE = YES_ERROR;
				GCC_WARN_UNDECLARED_SELECTOR = YES;
				GCC_WARN_UNINITIALIZED_AUTOS = YES_AGGRESSIVE;
				GCC_WARN_UNUSED_FUNCTION = YES;
				GCC_WARN_UNUSED_VARIABLE = YES;
				IPHONEOS_DEPLOYMENT_TARGET = 16.2;
				MTL_ENABLE_DEBUG_INFO = INCLUDE_SOURCE;
				MTL_FAST_MATH = YES;
				ONLY_ACTIVE_ARCH = YES;
				SDKROOT = iphoneos;
				SWIFT_ACTIVE_COMPILATION_CONDITIONS = DEBUG;
				SWIFT_OPTIMIZATION_LEVEL = "-Onone";
			};
			name = Debug;
		};
		FD8BD1D229E46FF700475570 /* Release */ = {
			isa = XCBuildConfiguration;
			buildSettings = {
				ALWAYS_SEARCH_USER_PATHS = NO;
				CLANG_ANALYZER_NONNULL = YES;
				CLANG_ANALYZER_NUMBER_OBJECT_CONVERSION = YES_AGGRESSIVE;
				CLANG_CXX_LANGUAGE_STANDARD = "gnu++20";
				CLANG_ENABLE_MODULES = YES;
				CLANG_ENABLE_OBJC_ARC = YES;
				CLANG_ENABLE_OBJC_WEAK = YES;
				CLANG_WARN_BLOCK_CAPTURE_AUTORELEASING = YES;
				CLANG_WARN_BOOL_CONVERSION = YES;
				CLANG_WARN_COMMA = YES;
				CLANG_WARN_CONSTANT_CONVERSION = YES;
				CLANG_WARN_DEPRECATED_OBJC_IMPLEMENTATIONS = YES;
				CLANG_WARN_DIRECT_OBJC_ISA_USAGE = YES_ERROR;
				CLANG_WARN_DOCUMENTATION_COMMENTS = YES;
				CLANG_WARN_EMPTY_BODY = YES;
				CLANG_WARN_ENUM_CONVERSION = YES;
				CLANG_WARN_INFINITE_RECURSION = YES;
				CLANG_WARN_INT_CONVERSION = YES;
				CLANG_WARN_NON_LITERAL_NULL_CONVERSION = YES;
				CLANG_WARN_OBJC_IMPLICIT_RETAIN_SELF = YES;
				CLANG_WARN_OBJC_LITERAL_CONVERSION = YES;
				CLANG_WARN_OBJC_ROOT_CLASS = YES_ERROR;
				CLANG_WARN_QUOTED_INCLUDE_IN_FRAMEWORK_HEADER = YES;
				CLANG_WARN_RANGE_LOOP_ANALYSIS = YES;
				CLANG_WARN_STRICT_PROTOTYPES = YES;
				CLANG_WARN_SUSPICIOUS_MOVE = YES;
				CLANG_WARN_UNGUARDED_AVAILABILITY = YES_AGGRESSIVE;
				CLANG_WARN_UNREACHABLE_CODE = YES;
				CLANG_WARN__DUPLICATE_METHOD_MATCH = YES;
				COPY_PHASE_STRIP = NO;
				DEBUG_INFORMATION_FORMAT = "dwarf-with-dsym";
				ENABLE_NS_ASSERTIONS = NO;
				ENABLE_STRICT_OBJC_MSGSEND = YES;
				GCC_C_LANGUAGE_STANDARD = gnu11;
				GCC_NO_COMMON_BLOCKS = YES;
				GCC_WARN_64_TO_32_BIT_CONVERSION = YES;
				GCC_WARN_ABOUT_RETURN_TYPE = YES_ERROR;
				GCC_WARN_UNDECLARED_SELECTOR = YES;
				GCC_WARN_UNINITIALIZED_AUTOS = YES_AGGRESSIVE;
				GCC_WARN_UNUSED_FUNCTION = YES;
				GCC_WARN_UNUSED_VARIABLE = YES;
				IPHONEOS_DEPLOYMENT_TARGET = 16.2;
				MTL_ENABLE_DEBUG_INFO = NO;
				MTL_FAST_MATH = YES;
				SDKROOT = iphoneos;
				SWIFT_COMPILATION_MODE = wholemodule;
				SWIFT_OPTIMIZATION_LEVEL = "-O";
				VALIDATE_PRODUCT = YES;
			};
			name = Release;
		};
		FD8BD1D429E46FF700475570 /* Debug */ = {
			isa = XCBuildConfiguration;
			buildSettings = {
				ASSETCATALOG_COMPILER_APPICON_NAME = AppIcon;
				ASSETCATALOG_COMPILER_GLOBAL_ACCENT_COLOR_NAME = AccentColor;
				CODE_SIGN_STYLE = Automatic;
				CURRENT_PROJECT_VERSION = 1;
				DEVELOPMENT_TEAM = W7WF789KDX;
				GENERATE_INFOPLIST_FILE = YES;
				INFOPLIST_FILE = FileManager/Info.plist;
				INFOPLIST_KEY_UIApplicationSupportsIndirectInputEvents = YES;
				INFOPLIST_KEY_UILaunchStoryboardName = LaunchScreen;
				INFOPLIST_KEY_UISupportedInterfaceOrientations_iPad = "UIInterfaceOrientationPortrait UIInterfaceOrientationPortraitUpsideDown UIInterfaceOrientationLandscapeLeft UIInterfaceOrientationLandscapeRight";
				INFOPLIST_KEY_UISupportedInterfaceOrientations_iPhone = "UIInterfaceOrientationPortrait UIInterfaceOrientationLandscapeLeft UIInterfaceOrientationLandscapeRight";
				IPHONEOS_DEPLOYMENT_TARGET = 16.1;
				LD_RUNPATH_SEARCH_PATHS = (
					"$(inherited)",
					"@executable_path/Frameworks",
				);
				MARKETING_VERSION = 1.0;
				PRODUCT_BUNDLE_IDENTIFIER = lnklkvkn.FileManager;
				PRODUCT_NAME = "$(TARGET_NAME)";
				SWIFT_EMIT_LOC_STRINGS = YES;
				SWIFT_VERSION = 5.0;
				TARGETED_DEVICE_FAMILY = "1,2";
			};
			name = Debug;
		};
		FD8BD1D529E46FF700475570 /* Release */ = {
			isa = XCBuildConfiguration;
			buildSettings = {
				ASSETCATALOG_COMPILER_APPICON_NAME = AppIcon;
				ASSETCATALOG_COMPILER_GLOBAL_ACCENT_COLOR_NAME = AccentColor;
				CODE_SIGN_STYLE = Automatic;
				CURRENT_PROJECT_VERSION = 1;
				DEVELOPMENT_TEAM = W7WF789KDX;
				GENERATE_INFOPLIST_FILE = YES;
				INFOPLIST_FILE = FileManager/Info.plist;
				INFOPLIST_KEY_UIApplicationSupportsIndirectInputEvents = YES;
				INFOPLIST_KEY_UILaunchStoryboardName = LaunchScreen;
				INFOPLIST_KEY_UISupportedInterfaceOrientations_iPad = "UIInterfaceOrientationPortrait UIInterfaceOrientationPortraitUpsideDown UIInterfaceOrientationLandscapeLeft UIInterfaceOrientationLandscapeRight";
				INFOPLIST_KEY_UISupportedInterfaceOrientations_iPhone = "UIInterfaceOrientationPortrait UIInterfaceOrientationLandscapeLeft UIInterfaceOrientationLandscapeRight";
				IPHONEOS_DEPLOYMENT_TARGET = 16.1;
				LD_RUNPATH_SEARCH_PATHS = (
					"$(inherited)",
					"@executable_path/Frameworks",
				);
				MARKETING_VERSION = 1.0;
				PRODUCT_BUNDLE_IDENTIFIER = lnklkvkn.FileManager;
				PRODUCT_NAME = "$(TARGET_NAME)";
				SWIFT_EMIT_LOC_STRINGS = YES;
				SWIFT_VERSION = 5.0;
				TARGETED_DEVICE_FAMILY = "1,2";
			};
			name = Release;
		};
/* End XCBuildConfiguration section */

/* Begin XCConfigurationList section */
		FD8BD1BA29E46FEA00475570 /* Build configuration list for PBXProject "FileManager" */ = {
			isa = XCConfigurationList;
			buildConfigurations = (
				FD8BD1D129E46FF700475570 /* Debug */,
				FD8BD1D229E46FF700475570 /* Release */,
			);
			defaultConfigurationIsVisible = 0;
			defaultConfigurationName = Release;
		};
		FD8BD1D329E46FF700475570 /* Build configuration list for PBXNativeTarget "FileManager" */ = {
			isa = XCConfigurationList;
			buildConfigurations = (
				FD8BD1D429E46FF700475570 /* Debug */,
				FD8BD1D529E46FF700475570 /* Release */,
			);
			defaultConfigurationIsVisible = 0;
			defaultConfigurationName = Release;
		};
/* End XCConfigurationList section */

/* Begin XCRemoteSwiftPackageReference section */
		FD2F0DEF29F4CE8900C9BE82 /* XCRemoteSwiftPackageReference "KeychainAccess" */ = {
			isa = XCRemoteSwiftPackageReference;
			repositoryURL = "https://github.com/kishikawakatsumi/KeychainAccess.git";
			requirement = {
				branch = master;
				kind = branch;
			};
		};
/* End XCRemoteSwiftPackageReference section */

/* Begin XCSwiftPackageProductDependency section */
		FD2F0DF029F4CE8900C9BE82 /* KeychainAccess */ = {
			isa = XCSwiftPackageProductDependency;
			package = FD2F0DEF29F4CE8900C9BE82 /* XCRemoteSwiftPackageReference "KeychainAccess" */;
			productName = KeychainAccess;
		};
/* End XCSwiftPackageProductDependency section */
	};
	rootObject = FD8BD1B729E46FEA00475570 /* Project object */;
}
